
Microsoft Visual Studio Solution File, Format Version 12.00
# Visual Studio 2013
VisualStudioVersion = 12.0.40629.0
MinimumVisualStudioVersion = 10.0.40219.1
Project("{FAE04EC0-301F-11D3-BF4B-00C04F79EFBC}") = "DLECalibrationToolV2", "DLECalibrationToolV2.csproj", "{F8C3DF50-BECC-45CE-A91A-3868033D7295}"
EndProject
Project("{54435603-DBB4-11D2-8724-00A0C9A8B90C}") = "Installer", "..\Installer\Installer.vdproj", "{8EBB168C-097C-4912-A455-247B6662EDC5}"
EndProject
Global
	GlobalSection(SolutionConfigurationPlatforms) = preSolution
		Debug|Any CPU = Debug|Any CPU
		Release|Any CPU = Release|Any CPU
	EndGlobalSection
	GlobalSection(ProjectConfigurationPlatforms) = postSolution
		{F8C3DF50-BECC-45CE-A91A-3868033D7295}.Debug|Any CPU.ActiveCfg = Debug|Any CPU
		{F8C3DF50-BECC-45CE-A91A-3868033D7295}.Debug|Any CPU.Build.0 = Debug|Any CPU
		{F8C3DF50-BECC-45CE-A91A-3868033D7295}.Release|Any CPU.ActiveCfg = Release|Any CPU
		{F8C3DF50-BECC-45CE-A91A-3868033D7295}.Release|Any CPU.Build.0 = Release|Any CPU
		{8EBB168C-097C-4912-A455-247B6662EDC5}.Debug|Any CPU.ActiveCfg = Debug
		{8EBB168C-097C-4912-A455-247B6662EDC5}.Release|Any CPU.ActiveCfg = Release
	EndGlobalSection
	GlobalSection(SolutionProperties) = preSolution
		HideSolutionNode = FALSE
	EndGlobalSection
EndGlobal
